
Microsoft Visual Studio Solution File, Format Version 12.00
# Visual Studio Version 17
VisualStudioVersion = 17.0.32112.339
MinimumVisualStudioVersion = 10.0.40219.1
Project("{9A19103F-16F7-4668-BE54-9A1E7A4F7556}") = "Jobs.API", "Services\Job\Jobs.API\Jobs.API.csproj", "{39D118D1-4AF3-4697-9511-1B5017AA7AEE}"
EndProject
Project("{2150E333-8FDC-42A3-9474-1A3956D46DE8}") = "src", "src", "{97EE93D4-D1B0-4192-B6AA-F52D2D6B3908}"
EndProject
Project("{2150E333-8FDC-42A3-9474-1A3956D46DE8}") = "Services", "Services", "{BB1B6828-C9F6-4480-86A8-7316FBB74326}"
EndProject
Project("{2150E333-8FDC-42A3-9474-1A3956D46DE8}") = "Job", "Job", "{065DE3EE-33A4-4C98-B396-798E589C33EB}"
EndProject
Project("{9A19103F-16F7-4668-BE54-9A1E7A4F7556}") = "Jobs.Domain", "Services\Job\Jobs.Domain\Jobs.Domain.csproj", "{02B034F1-7CE0-4BC1-90B5-4A7EEB62C91D}"
EndProject
Project("{9A19103F-16F7-4668-BE54-9A1E7A4F7556}") = "Jobs.Infrastructure", "Services\Job\Jobs.Infrastructure\Jobs.Infrastructure.csproj", "{09AFFED1-36B1-4954-BEA0-814F1A6F66F9}"
EndProject
Project("{2150E333-8FDC-42A3-9474-1A3956D46DE8}") = "Company", "Company", "{74960F31-2B60-4D74-9EFC-9DD5AEDD88EE}"
EndProject
Project("{9A19103F-16F7-4668-BE54-9A1E7A4F7556}") = "Companies.API", "Services\Company\Companies.API\Companies.API.csproj", "{C0854882-709B-490C-9C64-0D18F452A4AF}"
EndProject
Project("{9A19103F-16F7-4668-BE54-9A1E7A4F7556}") = "Companies.Domain", "Services\Company\Companies.Domain\Companies.Domain.csproj", "{CA223E60-6E51-4E1B-A3AD-B0BB4FA11DAC}"
EndProject
Project("{9A19103F-16F7-4668-BE54-9A1E7A4F7556}") = "Companies.Infrastructure", "Services\Company\Companies.Infrastructure\Companies.Infrastructure.csproj", "{2936F93E-F632-4EC1-B94C-40327EB5A68F}"
EndProject
Project("{2150E333-8FDC-42A3-9474-1A3956D46DE8}") = "Candidate", "Candidate", "{0DF12423-95E3-43D1-8A79-E258853F9D61}"
EndProject
Project("{2150E333-8FDC-42A3-9474-1A3956D46DE8}") = "ApiGateways", "ApiGateways", "{CB0F55F7-FEA0-4E80-88E6-D794D3F094E1}"
EndProject
Project("{9A19103F-16F7-4668-BE54-9A1E7A4F7556}") = "BackOffice.Bff.API", "ApiGateways\BackOffice\BackOffice.Bff.API\BackOffice.Bff.API.csproj", "{EC0E87C8-AC03-4416-A7C7-05741A34BF37}"
EndProject
Project("{9A19103F-16F7-4668-BE54-9A1E7A4F7556}") = "FrontOffice.Bff.API", "ApiGateways\FrontOffice\FrontOffice.Bff.API\FrontOffice.Bff.API.csproj", "{A8D4F230-B051-4603-819A-2ACDC0CC7756}"
EndProject
Project("{2150E333-8FDC-42A3-9474-1A3956D46DE8}") = "BuildingBlocks", "BuildingBlocks", "{DC4DD678-8E6E-4A8F-9516-CF39AAC68CD6}"
EndProject
Project("{9A19103F-16F7-4668-BE54-9A1E7A4F7556}") = "Candidates.API", "Services\Candidate\Candidates.API\Candidates.API.csproj", "{61F040E1-F16E-4548-ABA9-CBFEAFD29D38}"
EndProject
Project("{9A19103F-16F7-4668-BE54-9A1E7A4F7556}") = "Candidates.Domain", "Services\Candidate\Candidates.Domain\Candidates.Domain.csproj", "{25E71342-A0CD-499F-A5C5-3512031E6B68}"
EndProject
Project("{9A19103F-16F7-4668-BE54-9A1E7A4F7556}") = "Candidates.Infrastructure", "Services\Candidate\Candidates.Infrastructure\Candidates.Infrastructure.csproj", "{F318CDA6-1C1D-467B-8F8C-05AF824EF8A9}"
EndProject
Project("{2150E333-8FDC-42A3-9474-1A3956D46DE8}") = "Models", "Models", "{B3CD498B-4F2A-45C8-9BE2-45EF1829D740}"
EndProject
Project("{9A19103F-16F7-4668-BE54-9A1E7A4F7556}") = "Domain.Seedwork", "BuildingBlocks\Models\Domain.Seedwork\Domain.Seedwork.csproj", "{0C84B630-7B73-4E16-BAC4-CD68BC085655}"
EndProject
Project("{2150E333-8FDC-42A3-9474-1A3956D46DE8}") = "Infrastructure", "Infrastructure", "{0BD444CC-D51A-4617-89E1-92A91DBAD9D1}"
EndProject
Project("{9A19103F-16F7-4668-BE54-9A1E7A4F7556}") = "API.Customization", "BuildingBlocks\Infrastructure\Api.Customization\API.Customization.csproj", "{C01CCA62-49FC-4755-A5F1-DD9F888781AE}"
EndProject
Project("{9A19103F-16F7-4668-BE54-9A1E7A4F7556}") = "Jobs.Application", "Services\Job\Jobs.Application\Jobs.Application.csproj", "{9510D684-485D-4A7A-9C5B-B9A1E5F19938}"
EndProject
Project("{2150E333-8FDC-42A3-9474-1A3956D46DE8}") = "Tests", "Tests", "{A71025CA-F124-48C3-85E0-3D8FD7D2D1E3}"
EndProject
Project("{2150E333-8FDC-42A3-9474-1A3956D46DE8}") = "Tests", "Tests", "{DD4E207E-957E-4A72-A36C-F0BD623E078F}"
EndProject
Project("{2150E333-8FDC-42A3-9474-1A3956D46DE8}") = "Tests", "Tests", "{4ABCA632-D003-46EF-BFCC-BF7AFF3A9D23}"
EndProject
Project("{9A19103F-16F7-4668-BE54-9A1E7A4F7556}") = "Jobs.Domain.UnitTests", "Services\Job\Tests\Jobs.Domain.UnitTests\Jobs.Domain.UnitTests.csproj", "{B8779510-4B02-4485-912C-43FDB8168BF6}"
EndProject
Project("{9A19103F-16F7-4668-BE54-9A1E7A4F7556}") = "Companies.Domain.UnitTests", "Services\Company\Tests\Companies.Domain.UnitTests\Companies.Domain.UnitTests.csproj", "{CF6B632D-A9D7-46B8-A38D-D454900F5CDF}"
EndProject
Project("{9A19103F-16F7-4668-BE54-9A1E7A4F7556}") = "Candidates.Domain.UnitTests", "Services\Candidate\Tests\Candidates.Domain.UnitTests\Candidates.Domain.UnitTests.csproj", "{8BB4CEFD-CD32-4780-AD52-AE263B2EC26A}"
EndProject
Project("{9A19103F-16F7-4668-BE54-9A1E7A4F7556}") = "Jobs.Application.UnitTests", "Services\Job\Tests\Jobs.Application.UnitTests\Jobs.Application.UnitTests.csproj", "{9056FCCB-B858-4549-87EE-9F806B0CA678}"
EndProject
Project("{E53339B2-1760-4266-BCC7-CA923CBCF16C}") = "docker-compose", "docker-compose.dcproj", "{A6C1A09E-BF7F-425C-9BC4-94C58D39A0D1}"
EndProject
Project("{2150E333-8FDC-42A3-9474-1A3956D46DE8}") = "Tests", "Tests", "{C636B066-3E48-46CE-A065-F6A274C7A8D2}"
EndProject
Project("{9A19103F-16F7-4668-BE54-9A1E7A4F7556}") = "Tests.Shared", "BuildingBlocks\Tests\Tests.Shared\Tests.Shared.csproj", "{EEC2FA15-81D8-4AC4-A3A0-D0EDFBD6FA62}"
EndProject
Project("{9A19103F-16F7-4668-BE54-9A1E7A4F7556}") = "API.WebClients", "BuildingBlocks\Infrastructure\API.WebClients\API.WebClients.csproj", "{09DD5DFB-5CC8-4004-B5A2-D53C1F4B4D36}"
EndProject
Project("{9A19103F-16F7-4668-BE54-9A1E7A4F7556}") = "Companies.Application", "Services\Company\Companies.Application\Companies.Application.csproj", "{4FD0FD7D-81F3-4378-8B21-167BA5A0C132}"
EndProject
Project("{9A19103F-16F7-4668-BE54-9A1E7A4F7556}") = "Candidates.Application", "Services\Candidate\Candidates.Application\Candidates.Application.csproj", "{0ACF22D6-21B5-4456-902B-699C30E1E9DD}"
EndProject
Project("{9A19103F-16F7-4668-BE54-9A1E7A4F7556}") = "Persistence.Customization", "BuildingBlocks\Infrastructure\Persistence.Customization\Persistence.Customization.csproj", "{E4DA92F4-7A45-4B03-AE3C-6C6B0C1E37D9}"
EndProject
Project("{9A19103F-16F7-4668-BE54-9A1E7A4F7556}") = "Infrastructure.APICustomization.UnitTests", "BuildingBlocks\Tests\Infrastructure.APICustomization.UnitTests\Infrastructure.APICustomization.UnitTests.csproj", "{A487F1AD-A06F-4296-82C7-CCC47138A168}"
EndProject
Project("{9A19103F-16F7-4668-BE54-9A1E7A4F7556}") = "EventBus", "BuildingBlocks\Infrastructure\EventBus\EventBus.csproj", "{89EB6EA0-3A17-44BC-AC0A-ADCFF7BCA926}"
EndProject
Project("{2150E333-8FDC-42A3-9474-1A3956D46DE8}") = "ElasticSearch", "ElasticSearch", "{E8C85F74-2E38-436C-8B9F-4EF649503325}"
EndProject
Project("{9A19103F-16F7-4668-BE54-9A1E7A4F7556}") = "ElasticSearch.Sync", "Services\ElasticSearch\ElasticSearch.Sync\ElasticSearch.Sync.csproj", "{5910B6F1-F384-4166-B3F0-9D3BC6AD4566}"
EndProject
Project("{9A19103F-16F7-4668-BE54-9A1E7A4F7556}") = "ElasticSearch.Search", "Services\ElasticSearch\ElasticSearch.Search\ElasticSearch.Search.csproj", "{DB13CD40-F9A8-48EF-9744-17A305DFEE3C}"
EndProject
Project("{9A19103F-16F7-4668-BE54-9A1E7A4F7556}") = "ElasticSearch.Shared", "Services\ElasticSearch\ElasticSearch.Shared\ElasticSearch.Shared.csproj", "{02C7BAD7-BC22-4CE1-836B-473322BFC14C}"
EndProject
Project("{9A19103F-16F7-4668-BE54-9A1E7A4F7556}") = "BackOffice.Users.CacheRefresher", "ApiGateways\BackOffice\WebJobs\BackOffice.Users.CacheRefresher\BackOffice.Users.CacheRefresher.csproj", "{B9F99D17-A76F-488A-A097-5ABD62049C6F}"
EndProject
Project("{2150E333-8FDC-42A3-9474-1A3956D46DE8}") = "BackOffice", "BackOffice", "{A9BB40BA-A0A8-4E7A-8654-64F4C64F295C}"
EndProject
Project("{9A19103F-16F7-4668-BE54-9A1E7A4F7556}") = "BackOffice.Shared", "ApiGateways\BackOffice\BackOffice.Shared\BackOffice.Shared.csproj", "{DA38CB94-E1F0-414B-9749-76237ACB229F}"
EndProject
Project("{2150E333-8FDC-42A3-9474-1A3956D46DE8}") = "FrontOffice", "FrontOffice", "{578E43F9-3721-48F2-8B30-4401A1981940}"
EndProject
Project("{2150E333-8FDC-42A3-9474-1A3956D46DE8}") = "WebJobs", "WebJobs", "{D0975EB4-0BA6-4BA4-99A0-5FA3AF303557}"
EndProject
Project("{2150E333-8FDC-42A3-9474-1A3956D46DE8}") = "Tests", "Tests", "{F6AAF0AB-159F-48E5-B0D0-0E3D997125D6}"
EndProject
Project("{9A19103F-16F7-4668-BE54-9A1E7A4F7556}") = "BackOffice.Users.Shared.UnitTests", "ApiGateways\BackOffice\Tests\BackOffice.Users.Shared.UnitTests\BackOffice.Users.Shared.UnitTests.csproj", "{6C826A5F-5980-4000-923C-09F8DEF5E6A5}"
EndProject
Project("{2150E333-8FDC-42A3-9474-1A3956D46DE8}") = "AdministrationSettings", "AdministrationSettings", "{80DF4530-2783-48BB-9CED-E37E5FDF6EBF}"
EndProject
Project("{9A19103F-16F7-4668-BE54-9A1E7A4F7556}") = "AdministrationSettings.API", "Services\AdministrationSettings\AdministrationSettings.API\AdministrationSettings.API.csproj", "{1160BD90-31A1-4922-B01A-5D644017EDF8}"
EndProject
Project("{2150E333-8FDC-42A3-9474-1A3956D46DE8}") = "EmailService", "EmailService", "{7D02371E-D242-4E25-8676-7C6882007555}"
EndProject
Project("{9A19103F-16F7-4668-BE54-9A1E7A4F7556}") = "EmailService.Send", "Services\EmailService\EmailService.Send\EmailService.Send.csproj", "{378D37EF-5DAF-453D-9899-F21844F002D6}"
EndProject
Project("{9A19103F-16F7-4668-BE54-9A1E7A4F7556}") = "EmailService.Shared", "Services\EmailService\EmailService.Shared\EmailService.Shared.csproj", "{F61AD17B-F753-4D05-8825-22E78621F691}"
EndProject
Project("{9A19103F-16F7-4668-BE54-9A1E7A4F7556}") = "EmailService.WebHook", "Services\EmailService\EmailService.WebHook\EmailService.WebHook.csproj", "{5497C81F-9CE6-49DB-A16F-86834ADD0214}"
EndProject
Project("{2150E333-8FDC-42A3-9474-1A3956D46DE8}") = "Scheduler", "Scheduler", "{013D70F0-9A46-4DC6-8DDF-28CF64BC48E4}"
EndProject
Project("{9A19103F-16F7-4668-BE54-9A1E7A4F7556}") = "Scheduler.Job", "Services\Scheduler\Scheduler.Job\Scheduler.Job.csproj", "{576D1C0F-C545-449B-8B2D-366E62EA805C}"
EndProject
Project("{2150E333-8FDC-42A3-9474-1A3956D46DE8}") = "Tests", "Tests", "{51C98FF1-56FB-427B-9D80-2E5C552EB311}"
EndProject
Project("{9A19103F-16F7-4668-BE54-9A1E7A4F7556}") = "Domain.Seedwork.UnitTests", "BuildingBlocks\Models\Tests\Domain.Seedwork.UnitTests\Domain.Seedwork.UnitTests.csproj", "{26F87814-E322-4AD6-B8EF-746346457EFA}"
EndProject
Project("{9A19103F-16F7-4668-BE54-9A1E7A4F7556}") = "Contracts.Shared", "BuildingBlocks\Models\Contracts.Shared\Contracts.Shared.csproj", "{76EE1DDF-36D2-4EC8-BE8E-76DDCBB73346}"
EndProject
Project("{9A19103F-16F7-4668-BE54-9A1E7A4F7556}") = "Custom.Attributes", "BuildingBlocks\Models\Custom.Attributes\Custom.Attributes.csproj", "{9B35921D-F361-4C23-90B2-961C6C73BC29}"
EndProject
Project("{9A19103F-16F7-4668-BE54-9A1E7A4F7556}") = "Contracts.Company", "BuildingBlocks\Models\Contracts.Company\Contracts.Company.csproj", "{2604E952-D06F-4017-B34F-3A64C0D1B83A}"
EndProject
Project("{9A19103F-16F7-4668-BE54-9A1E7A4F7556}") = "Contracts.Candidate", "BuildingBlocks\Models\Contracts.Candidate\Contracts.Candidate.csproj", "{A62D8013-C265-49CE-9BF7-48BC80966AD1}"
EndProject
Project("{9A19103F-16F7-4668-BE54-9A1E7A4F7556}") = "Contracts.Job", "BuildingBlocks\Models\Contracts.Job\Contracts.Job.csproj", "{A7A65EA1-68E8-4C95-ABCF-0ED79008F4D4}"
EndProject
Project("{9A19103F-16F7-4668-BE54-9A1E7A4F7556}") = "Contracts.TagSystem", "BuildingBlocks\Models\Contracts.TagSystem\Contracts.TagSystem.csproj", "{47F72E85-B1FC-4D66-81BB-7DEC21C20CA3}"
EndProject
Project("{9A19103F-16F7-4668-BE54-9A1E7A4F7556}") = "Contracts.AdministrationSettings", "BuildingBlocks\Models\Contracts.AdministrationSettings\Contracts.AdministrationSettings.csproj", "{2F3FC2FE-23D2-4831-A23A-2EAD66E1701C}"
EndProject
Project("{9A19103F-16F7-4668-BE54-9A1E7A4F7556}") = "BackOffice.Application", "ApiGateways\BackOffice\BackOffice.Application\BackOffice.Application.csproj", "{C963A3FB-F468-48CF-A1C3-46CCE52A2ED8}"
EndProject
Project("{9A19103F-16F7-4668-BE54-9A1E7A4F7556}") = "EmailService.Sync", "Services\EmailService\EmailService.Sync\EmailService.Sync.csproj", "{7348226F-2D9B-4C6B-B883-43DFF05995B7}"
EndProject
Project("{2150E333-8FDC-42A3-9474-1A3956D46DE8}") = "Tests", "Tests", "{493D6516-F25D-4C58-AC9C-62AC0489C519}"
EndProject
Project("{FAE04EC0-301F-11D3-BF4B-00C04F79EFBC}") = "Search.UnitTests", "Services\ElasticSearch\Tests\Search.UnitTests\Search.UnitTests.csproj", "{913B05E8-932F-44BB-8D02-265CC41DF56F}"
EndProject
Global
	GlobalSection(SolutionConfigurationPlatforms) = preSolution
		Debug|Any CPU = Debug|Any CPU
		Release|Any CPU = Release|Any CPU
	EndGlobalSection
	GlobalSection(ProjectConfigurationPlatforms) = postSolution
		{39D118D1-4AF3-4697-9511-1B5017AA7AEE}.Debug|Any CPU.ActiveCfg = Debug|Any CPU
		{39D118D1-4AF3-4697-9511-1B5017AA7AEE}.Debug|Any CPU.Build.0 = Debug|Any CPU
		{39D118D1-4AF3-4697-9511-1B5017AA7AEE}.Release|Any CPU.ActiveCfg = Release|Any CPU
		{39D118D1-4AF3-4697-9511-1B5017AA7AEE}.Release|Any CPU.Build.0 = Release|Any CPU
		{02B034F1-7CE0-4BC1-90B5-4A7EEB62C91D}.Debug|Any CPU.ActiveCfg = Debug|Any CPU
		{02B034F1-7CE0-4BC1-90B5-4A7EEB62C91D}.Debug|Any CPU.Build.0 = Debug|Any CPU
		{02B034F1-7CE0-4BC1-90B5-4A7EEB62C91D}.Release|Any CPU.ActiveCfg = Release|Any CPU
		{02B034F1-7CE0-4BC1-90B5-4A7EEB62C91D}.Release|Any CPU.Build.0 = Release|Any CPU
		{09AFFED1-36B1-4954-BEA0-814F1A6F66F9}.Debug|Any CPU.ActiveCfg = Debug|Any CPU
		{09AFFED1-36B1-4954-BEA0-814F1A6F66F9}.Debug|Any CPU.Build.0 = Debug|Any CPU
		{09AFFED1-36B1-4954-BEA0-814F1A6F66F9}.Release|Any CPU.ActiveCfg = Release|Any CPU
		{09AFFED1-36B1-4954-BEA0-814F1A6F66F9}.Release|Any CPU.Build.0 = Release|Any CPU
		{C0854882-709B-490C-9C64-0D18F452A4AF}.Debug|Any CPU.ActiveCfg = Debug|Any CPU
		{C0854882-709B-490C-9C64-0D18F452A4AF}.Debug|Any CPU.Build.0 = Debug|Any CPU
		{C0854882-709B-490C-9C64-0D18F452A4AF}.Release|Any CPU.ActiveCfg = Release|Any CPU
		{C0854882-709B-490C-9C64-0D18F452A4AF}.Release|Any CPU.Build.0 = Release|Any CPU
		{CA223E60-6E51-4E1B-A3AD-B0BB4FA11DAC}.Debug|Any CPU.ActiveCfg = Debug|Any CPU
		{CA223E60-6E51-4E1B-A3AD-B0BB4FA11DAC}.Debug|Any CPU.Build.0 = Debug|Any CPU
		{CA223E60-6E51-4E1B-A3AD-B0BB4FA11DAC}.Release|Any CPU.ActiveCfg = Release|Any CPU
		{CA223E60-6E51-4E1B-A3AD-B0BB4FA11DAC}.Release|Any CPU.Build.0 = Release|Any CPU
		{2936F93E-F632-4EC1-B94C-40327EB5A68F}.Debug|Any CPU.ActiveCfg = Debug|Any CPU
		{2936F93E-F632-4EC1-B94C-40327EB5A68F}.Debug|Any CPU.Build.0 = Debug|Any CPU
		{2936F93E-F632-4EC1-B94C-40327EB5A68F}.Release|Any CPU.ActiveCfg = Release|Any CPU
		{2936F93E-F632-4EC1-B94C-40327EB5A68F}.Release|Any CPU.Build.0 = Release|Any CPU
		{EC0E87C8-AC03-4416-A7C7-05741A34BF37}.Debug|Any CPU.ActiveCfg = Debug|Any CPU
		{EC0E87C8-AC03-4416-A7C7-05741A34BF37}.Debug|Any CPU.Build.0 = Debug|Any CPU
		{EC0E87C8-AC03-4416-A7C7-05741A34BF37}.Release|Any CPU.ActiveCfg = Release|Any CPU
		{EC0E87C8-AC03-4416-A7C7-05741A34BF37}.Release|Any CPU.Build.0 = Release|Any CPU
		{A8D4F230-B051-4603-819A-2ACDC0CC7756}.Debug|Any CPU.ActiveCfg = Debug|Any CPU
		{A8D4F230-B051-4603-819A-2ACDC0CC7756}.Debug|Any CPU.Build.0 = Debug|Any CPU
		{A8D4F230-B051-4603-819A-2ACDC0CC7756}.Release|Any CPU.ActiveCfg = Release|Any CPU
		{A8D4F230-B051-4603-819A-2ACDC0CC7756}.Release|Any CPU.Build.0 = Release|Any CPU
		{61F040E1-F16E-4548-ABA9-CBFEAFD29D38}.Debug|Any CPU.ActiveCfg = Debug|Any CPU
		{61F040E1-F16E-4548-ABA9-CBFEAFD29D38}.Debug|Any CPU.Build.0 = Debug|Any CPU
		{61F040E1-F16E-4548-ABA9-CBFEAFD29D38}.Release|Any CPU.ActiveCfg = Release|Any CPU
		{61F040E1-F16E-4548-ABA9-CBFEAFD29D38}.Release|Any CPU.Build.0 = Release|Any CPU
		{25E71342-A0CD-499F-A5C5-3512031E6B68}.Debug|Any CPU.ActiveCfg = Debug|Any CPU
		{25E71342-A0CD-499F-A5C5-3512031E6B68}.Debug|Any CPU.Build.0 = Debug|Any CPU
		{25E71342-A0CD-499F-A5C5-3512031E6B68}.Release|Any CPU.ActiveCfg = Release|Any CPU
		{25E71342-A0CD-499F-A5C5-3512031E6B68}.Release|Any CPU.Build.0 = Release|Any CPU
		{F318CDA6-1C1D-467B-8F8C-05AF824EF8A9}.Debug|Any CPU.ActiveCfg = Debug|Any CPU
		{F318CDA6-1C1D-467B-8F8C-05AF824EF8A9}.Debug|Any CPU.Build.0 = Debug|Any CPU
		{F318CDA6-1C1D-467B-8F8C-05AF824EF8A9}.Release|Any CPU.ActiveCfg = Release|Any CPU
		{F318CDA6-1C1D-467B-8F8C-05AF824EF8A9}.Release|Any CPU.Build.0 = Release|Any CPU
		{0C84B630-7B73-4E16-BAC4-CD68BC085655}.Debug|Any CPU.ActiveCfg = Debug|Any CPU
		{0C84B630-7B73-4E16-BAC4-CD68BC085655}.Debug|Any CPU.Build.0 = Debug|Any CPU
		{0C84B630-7B73-4E16-BAC4-CD68BC085655}.Release|Any CPU.ActiveCfg = Release|Any CPU
		{0C84B630-7B73-4E16-BAC4-CD68BC085655}.Release|Any CPU.Build.0 = Release|Any CPU
		{C01CCA62-49FC-4755-A5F1-DD9F888781AE}.Debug|Any CPU.ActiveCfg = Debug|Any CPU
		{C01CCA62-49FC-4755-A5F1-DD9F888781AE}.Debug|Any CPU.Build.0 = Debug|Any CPU
		{C01CCA62-49FC-4755-A5F1-DD9F888781AE}.Release|Any CPU.ActiveCfg = Release|Any CPU
		{C01CCA62-49FC-4755-A5F1-DD9F888781AE}.Release|Any CPU.Build.0 = Release|Any CPU
		{9510D684-485D-4A7A-9C5B-B9A1E5F19938}.Debug|Any CPU.ActiveCfg = Debug|Any CPU
		{9510D684-485D-4A7A-9C5B-B9A1E5F19938}.Debug|Any CPU.Build.0 = Debug|Any CPU
		{9510D684-485D-4A7A-9C5B-B9A1E5F19938}.Release|Any CPU.ActiveCfg = Release|Any CPU
		{9510D684-485D-4A7A-9C5B-B9A1E5F19938}.Release|Any CPU.Build.0 = Release|Any CPU
		{B8779510-4B02-4485-912C-43FDB8168BF6}.Debug|Any CPU.ActiveCfg = Debug|Any CPU
		{B8779510-4B02-4485-912C-43FDB8168BF6}.Debug|Any CPU.Build.0 = Debug|Any CPU
		{B8779510-4B02-4485-912C-43FDB8168BF6}.Release|Any CPU.ActiveCfg = Release|Any CPU
		{B8779510-4B02-4485-912C-43FDB8168BF6}.Release|Any CPU.Build.0 = Release|Any CPU
		{CF6B632D-A9D7-46B8-A38D-D454900F5CDF}.Debug|Any CPU.ActiveCfg = Debug|Any CPU
		{CF6B632D-A9D7-46B8-A38D-D454900F5CDF}.Debug|Any CPU.Build.0 = Debug|Any CPU
		{CF6B632D-A9D7-46B8-A38D-D454900F5CDF}.Release|Any CPU.ActiveCfg = Release|Any CPU
		{CF6B632D-A9D7-46B8-A38D-D454900F5CDF}.Release|Any CPU.Build.0 = Release|Any CPU
		{8BB4CEFD-CD32-4780-AD52-AE263B2EC26A}.Debug|Any CPU.ActiveCfg = Debug|Any CPU
		{8BB4CEFD-CD32-4780-AD52-AE263B2EC26A}.Debug|Any CPU.Build.0 = Debug|Any CPU
		{8BB4CEFD-CD32-4780-AD52-AE263B2EC26A}.Release|Any CPU.ActiveCfg = Release|Any CPU
		{8BB4CEFD-CD32-4780-AD52-AE263B2EC26A}.Release|Any CPU.Build.0 = Release|Any CPU
		{9056FCCB-B858-4549-87EE-9F806B0CA678}.Debug|Any CPU.ActiveCfg = Debug|Any CPU
		{9056FCCB-B858-4549-87EE-9F806B0CA678}.Debug|Any CPU.Build.0 = Debug|Any CPU
		{9056FCCB-B858-4549-87EE-9F806B0CA678}.Release|Any CPU.ActiveCfg = Release|Any CPU
		{9056FCCB-B858-4549-87EE-9F806B0CA678}.Release|Any CPU.Build.0 = Release|Any CPU
		{A6C1A09E-BF7F-425C-9BC4-94C58D39A0D1}.Debug|Any CPU.ActiveCfg = Debug|Any CPU
		{A6C1A09E-BF7F-425C-9BC4-94C58D39A0D1}.Debug|Any CPU.Build.0 = Debug|Any CPU
		{A6C1A09E-BF7F-425C-9BC4-94C58D39A0D1}.Release|Any CPU.ActiveCfg = Release|Any CPU
		{A6C1A09E-BF7F-425C-9BC4-94C58D39A0D1}.Release|Any CPU.Build.0 = Release|Any CPU
		{EEC2FA15-81D8-4AC4-A3A0-D0EDFBD6FA62}.Debug|Any CPU.ActiveCfg = Debug|Any CPU
		{EEC2FA15-81D8-4AC4-A3A0-D0EDFBD6FA62}.Debug|Any CPU.Build.0 = Debug|Any CPU
		{EEC2FA15-81D8-4AC4-A3A0-D0EDFBD6FA62}.Release|Any CPU.ActiveCfg = Release|Any CPU
		{EEC2FA15-81D8-4AC4-A3A0-D0EDFBD6FA62}.Release|Any CPU.Build.0 = Release|Any CPU
		{09DD5DFB-5CC8-4004-B5A2-D53C1F4B4D36}.Debug|Any CPU.ActiveCfg = Debug|Any CPU
		{09DD5DFB-5CC8-4004-B5A2-D53C1F4B4D36}.Debug|Any CPU.Build.0 = Debug|Any CPU
		{09DD5DFB-5CC8-4004-B5A2-D53C1F4B4D36}.Release|Any CPU.ActiveCfg = Release|Any CPU
		{09DD5DFB-5CC8-4004-B5A2-D53C1F4B4D36}.Release|Any CPU.Build.0 = Release|Any CPU
		{4FD0FD7D-81F3-4378-8B21-167BA5A0C132}.Debug|Any CPU.ActiveCfg = Debug|Any CPU
		{4FD0FD7D-81F3-4378-8B21-167BA5A0C132}.Debug|Any CPU.Build.0 = Debug|Any CPU
		{4FD0FD7D-81F3-4378-8B21-167BA5A0C132}.Release|Any CPU.ActiveCfg = Release|Any CPU
		{4FD0FD7D-81F3-4378-8B21-167BA5A0C132}.Release|Any CPU.Build.0 = Release|Any CPU
		{0ACF22D6-21B5-4456-902B-699C30E1E9DD}.Debug|Any CPU.ActiveCfg = Debug|Any CPU
		{0ACF22D6-21B5-4456-902B-699C30E1E9DD}.Debug|Any CPU.Build.0 = Debug|Any CPU
		{0ACF22D6-21B5-4456-902B-699C30E1E9DD}.Release|Any CPU.ActiveCfg = Release|Any CPU
		{0ACF22D6-21B5-4456-902B-699C30E1E9DD}.Release|Any CPU.Build.0 = Release|Any CPU
		{E4DA92F4-7A45-4B03-AE3C-6C6B0C1E37D9}.Debug|Any CPU.ActiveCfg = Debug|Any CPU
		{E4DA92F4-7A45-4B03-AE3C-6C6B0C1E37D9}.Debug|Any CPU.Build.0 = Debug|Any CPU
		{E4DA92F4-7A45-4B03-AE3C-6C6B0C1E37D9}.Release|Any CPU.ActiveCfg = Release|Any CPU
		{E4DA92F4-7A45-4B03-AE3C-6C6B0C1E37D9}.Release|Any CPU.Build.0 = Release|Any CPU
		{A487F1AD-A06F-4296-82C7-CCC47138A168}.Debug|Any CPU.ActiveCfg = Debug|Any CPU
		{A487F1AD-A06F-4296-82C7-CCC47138A168}.Debug|Any CPU.Build.0 = Debug|Any CPU
		{A487F1AD-A06F-4296-82C7-CCC47138A168}.Release|Any CPU.ActiveCfg = Release|Any CPU
		{A487F1AD-A06F-4296-82C7-CCC47138A168}.Release|Any CPU.Build.0 = Release|Any CPU
		{89EB6EA0-3A17-44BC-AC0A-ADCFF7BCA926}.Debug|Any CPU.ActiveCfg = Debug|Any CPU
		{89EB6EA0-3A17-44BC-AC0A-ADCFF7BCA926}.Debug|Any CPU.Build.0 = Debug|Any CPU
		{89EB6EA0-3A17-44BC-AC0A-ADCFF7BCA926}.Release|Any CPU.ActiveCfg = Release|Any CPU
		{89EB6EA0-3A17-44BC-AC0A-ADCFF7BCA926}.Release|Any CPU.Build.0 = Release|Any CPU
		{5910B6F1-F384-4166-B3F0-9D3BC6AD4566}.Debug|Any CPU.ActiveCfg = Debug|Any CPU
		{5910B6F1-F384-4166-B3F0-9D3BC6AD4566}.Debug|Any CPU.Build.0 = Debug|Any CPU
		{5910B6F1-F384-4166-B3F0-9D3BC6AD4566}.Release|Any CPU.ActiveCfg = Release|Any CPU
		{5910B6F1-F384-4166-B3F0-9D3BC6AD4566}.Release|Any CPU.Build.0 = Release|Any CPU
		{DB13CD40-F9A8-48EF-9744-17A305DFEE3C}.Debug|Any CPU.ActiveCfg = Debug|Any CPU
		{DB13CD40-F9A8-48EF-9744-17A305DFEE3C}.Debug|Any CPU.Build.0 = Debug|Any CPU
		{DB13CD40-F9A8-48EF-9744-17A305DFEE3C}.Release|Any CPU.ActiveCfg = Release|Any CPU
		{DB13CD40-F9A8-48EF-9744-17A305DFEE3C}.Release|Any CPU.Build.0 = Release|Any CPU
		{02C7BAD7-BC22-4CE1-836B-473322BFC14C}.Debug|Any CPU.ActiveCfg = Debug|Any CPU
		{02C7BAD7-BC22-4CE1-836B-473322BFC14C}.Debug|Any CPU.Build.0 = Debug|Any CPU
		{02C7BAD7-BC22-4CE1-836B-473322BFC14C}.Release|Any CPU.ActiveCfg = Release|Any CPU
		{02C7BAD7-BC22-4CE1-836B-473322BFC14C}.Release|Any CPU.Build.0 = Release|Any CPU
		{B9F99D17-A76F-488A-A097-5ABD62049C6F}.Debug|Any CPU.ActiveCfg = Debug|Any CPU
		{B9F99D17-A76F-488A-A097-5ABD62049C6F}.Debug|Any CPU.Build.0 = Debug|Any CPU
		{B9F99D17-A76F-488A-A097-5ABD62049C6F}.Release|Any CPU.ActiveCfg = Release|Any CPU
		{B9F99D17-A76F-488A-A097-5ABD62049C6F}.Release|Any CPU.Build.0 = Release|Any CPU
		{DA38CB94-E1F0-414B-9749-76237ACB229F}.Debug|Any CPU.ActiveCfg = Debug|Any CPU
		{DA38CB94-E1F0-414B-9749-76237ACB229F}.Debug|Any CPU.Build.0 = Debug|Any CPU
		{DA38CB94-E1F0-414B-9749-76237ACB229F}.Release|Any CPU.ActiveCfg = Release|Any CPU
		{DA38CB94-E1F0-414B-9749-76237ACB229F}.Release|Any CPU.Build.0 = Release|Any CPU
		{6C826A5F-5980-4000-923C-09F8DEF5E6A5}.Debug|Any CPU.ActiveCfg = Debug|Any CPU
		{6C826A5F-5980-4000-923C-09F8DEF5E6A5}.Debug|Any CPU.Build.0 = Debug|Any CPU
		{6C826A5F-5980-4000-923C-09F8DEF5E6A5}.Release|Any CPU.ActiveCfg = Release|Any CPU
		{6C826A5F-5980-4000-923C-09F8DEF5E6A5}.Release|Any CPU.Build.0 = Release|Any CPU
		{1160BD90-31A1-4922-B01A-5D644017EDF8}.Debug|Any CPU.ActiveCfg = Debug|Any CPU
		{1160BD90-31A1-4922-B01A-5D644017EDF8}.Debug|Any CPU.Build.0 = Debug|Any CPU
		{1160BD90-31A1-4922-B01A-5D644017EDF8}.Release|Any CPU.ActiveCfg = Release|Any CPU
		{1160BD90-31A1-4922-B01A-5D644017EDF8}.Release|Any CPU.Build.0 = Release|Any CPU
		{378D37EF-5DAF-453D-9899-F21844F002D6}.Debug|Any CPU.ActiveCfg = Debug|Any CPU
		{378D37EF-5DAF-453D-9899-F21844F002D6}.Debug|Any CPU.Build.0 = Debug|Any CPU
		{378D37EF-5DAF-453D-9899-F21844F002D6}.Release|Any CPU.ActiveCfg = Release|Any CPU
		{378D37EF-5DAF-453D-9899-F21844F002D6}.Release|Any CPU.Build.0 = Release|Any CPU
		{F61AD17B-F753-4D05-8825-22E78621F691}.Debug|Any CPU.ActiveCfg = Debug|Any CPU
		{F61AD17B-F753-4D05-8825-22E78621F691}.Debug|Any CPU.Build.0 = Debug|Any CPU
		{F61AD17B-F753-4D05-8825-22E78621F691}.Release|Any CPU.ActiveCfg = Release|Any CPU
		{F61AD17B-F753-4D05-8825-22E78621F691}.Release|Any CPU.Build.0 = Release|Any CPU
		{5497C81F-9CE6-49DB-A16F-86834ADD0214}.Debug|Any CPU.ActiveCfg = Debug|Any CPU
		{5497C81F-9CE6-49DB-A16F-86834ADD0214}.Debug|Any CPU.Build.0 = Debug|Any CPU
		{5497C81F-9CE6-49DB-A16F-86834ADD0214}.Release|Any CPU.ActiveCfg = Release|Any CPU
		{5497C81F-9CE6-49DB-A16F-86834ADD0214}.Release|Any CPU.Build.0 = Release|Any CPU
		{576D1C0F-C545-449B-8B2D-366E62EA805C}.Debug|Any CPU.ActiveCfg = Debug|Any CPU
		{576D1C0F-C545-449B-8B2D-366E62EA805C}.Debug|Any CPU.Build.0 = Debug|Any CPU
		{576D1C0F-C545-449B-8B2D-366E62EA805C}.Release|Any CPU.ActiveCfg = Release|Any CPU
		{576D1C0F-C545-449B-8B2D-366E62EA805C}.Release|Any CPU.Build.0 = Release|Any CPU
		{26F87814-E322-4AD6-B8EF-746346457EFA}.Debug|Any CPU.ActiveCfg = Debug|Any CPU
		{26F87814-E322-4AD6-B8EF-746346457EFA}.Debug|Any CPU.Build.0 = Debug|Any CPU
		{26F87814-E322-4AD6-B8EF-746346457EFA}.Release|Any CPU.ActiveCfg = Release|Any CPU
		{26F87814-E322-4AD6-B8EF-746346457EFA}.Release|Any CPU.Build.0 = Release|Any CPU
		{76EE1DDF-36D2-4EC8-BE8E-76DDCBB73346}.Debug|Any CPU.ActiveCfg = Debug|Any CPU
		{76EE1DDF-36D2-4EC8-BE8E-76DDCBB73346}.Debug|Any CPU.Build.0 = Debug|Any CPU
		{76EE1DDF-36D2-4EC8-BE8E-76DDCBB73346}.Release|Any CPU.ActiveCfg = Release|Any CPU
		{76EE1DDF-36D2-4EC8-BE8E-76DDCBB73346}.Release|Any CPU.Build.0 = Release|Any CPU
		{9B35921D-F361-4C23-90B2-961C6C73BC29}.Debug|Any CPU.ActiveCfg = Debug|Any CPU
		{9B35921D-F361-4C23-90B2-961C6C73BC29}.Debug|Any CPU.Build.0 = Debug|Any CPU
		{9B35921D-F361-4C23-90B2-961C6C73BC29}.Release|Any CPU.ActiveCfg = Release|Any CPU
		{9B35921D-F361-4C23-90B2-961C6C73BC29}.Release|Any CPU.Build.0 = Release|Any CPU
		{2604E952-D06F-4017-B34F-3A64C0D1B83A}.Debug|Any CPU.ActiveCfg = Debug|Any CPU
		{2604E952-D06F-4017-B34F-3A64C0D1B83A}.Debug|Any CPU.Build.0 = Debug|Any CPU
		{2604E952-D06F-4017-B34F-3A64C0D1B83A}.Release|Any CPU.ActiveCfg = Release|Any CPU
		{2604E952-D06F-4017-B34F-3A64C0D1B83A}.Release|Any CPU.Build.0 = Release|Any CPU
		{A62D8013-C265-49CE-9BF7-48BC80966AD1}.Debug|Any CPU.ActiveCfg = Debug|Any CPU
		{A62D8013-C265-49CE-9BF7-48BC80966AD1}.Debug|Any CPU.Build.0 = Debug|Any CPU
		{A62D8013-C265-49CE-9BF7-48BC80966AD1}.Release|Any CPU.ActiveCfg = Release|Any CPU
		{A62D8013-C265-49CE-9BF7-48BC80966AD1}.Release|Any CPU.Build.0 = Release|Any CPU
		{A7A65EA1-68E8-4C95-ABCF-0ED79008F4D4}.Debug|Any CPU.ActiveCfg = Debug|Any CPU
		{A7A65EA1-68E8-4C95-ABCF-0ED79008F4D4}.Debug|Any CPU.Build.0 = Debug|Any CPU
		{A7A65EA1-68E8-4C95-ABCF-0ED79008F4D4}.Release|Any CPU.ActiveCfg = Release|Any CPU
		{A7A65EA1-68E8-4C95-ABCF-0ED79008F4D4}.Release|Any CPU.Build.0 = Release|Any CPU
		{47F72E85-B1FC-4D66-81BB-7DEC21C20CA3}.Debug|Any CPU.ActiveCfg = Debug|Any CPU
		{47F72E85-B1FC-4D66-81BB-7DEC21C20CA3}.Debug|Any CPU.Build.0 = Debug|Any CPU
		{47F72E85-B1FC-4D66-81BB-7DEC21C20CA3}.Release|Any CPU.ActiveCfg = Release|Any CPU
		{47F72E85-B1FC-4D66-81BB-7DEC21C20CA3}.Release|Any CPU.Build.0 = Release|Any CPU
		{2F3FC2FE-23D2-4831-A23A-2EAD66E1701C}.Debug|Any CPU.ActiveCfg = Debug|Any CPU
		{2F3FC2FE-23D2-4831-A23A-2EAD66E1701C}.Debug|Any CPU.Build.0 = Debug|Any CPU
		{2F3FC2FE-23D2-4831-A23A-2EAD66E1701C}.Release|Any CPU.ActiveCfg = Release|Any CPU
		{2F3FC2FE-23D2-4831-A23A-2EAD66E1701C}.Release|Any CPU.Build.0 = Release|Any CPU
		{C963A3FB-F468-48CF-A1C3-46CCE52A2ED8}.Debug|Any CPU.ActiveCfg = Debug|Any CPU
		{C963A3FB-F468-48CF-A1C3-46CCE52A2ED8}.Debug|Any CPU.Build.0 = Debug|Any CPU
		{C963A3FB-F468-48CF-A1C3-46CCE52A2ED8}.Release|Any CPU.ActiveCfg = Release|Any CPU
		{C963A3FB-F468-48CF-A1C3-46CCE52A2ED8}.Release|Any CPU.Build.0 = Release|Any CPU
		{7348226F-2D9B-4C6B-B883-43DFF05995B7}.Debug|Any CPU.ActiveCfg = Debug|Any CPU
		{7348226F-2D9B-4C6B-B883-43DFF05995B7}.Debug|Any CPU.Build.0 = Debug|Any CPU
		{7348226F-2D9B-4C6B-B883-43DFF05995B7}.Release|Any CPU.ActiveCfg = Release|Any CPU
		{7348226F-2D9B-4C6B-B883-43DFF05995B7}.Release|Any CPU.Build.0 = Release|Any CPU
		{913B05E8-932F-44BB-8D02-265CC41DF56F}.Debug|Any CPU.ActiveCfg = Debug|Any CPU
		{913B05E8-932F-44BB-8D02-265CC41DF56F}.Debug|Any CPU.Build.0 = Debug|Any CPU
		{913B05E8-932F-44BB-8D02-265CC41DF56F}.Release|Any CPU.ActiveCfg = Release|Any CPU
		{913B05E8-932F-44BB-8D02-265CC41DF56F}.Release|Any CPU.Build.0 = Release|Any CPU
	EndGlobalSection
	GlobalSection(SolutionProperties) = preSolution
		HideSolutionNode = FALSE
	EndGlobalSection
	GlobalSection(NestedProjects) = preSolution
		{39D118D1-4AF3-4697-9511-1B5017AA7AEE} = {065DE3EE-33A4-4C98-B396-798E589C33EB}
		{BB1B6828-C9F6-4480-86A8-7316FBB74326} = {97EE93D4-D1B0-4192-B6AA-F52D2D6B3908}
		{065DE3EE-33A4-4C98-B396-798E589C33EB} = {BB1B6828-C9F6-4480-86A8-7316FBB74326}
		{02B034F1-7CE0-4BC1-90B5-4A7EEB62C91D} = {065DE3EE-33A4-4C98-B396-798E589C33EB}
		{09AFFED1-36B1-4954-BEA0-814F1A6F66F9} = {065DE3EE-33A4-4C98-B396-798E589C33EB}
		{74960F31-2B60-4D74-9EFC-9DD5AEDD88EE} = {BB1B6828-C9F6-4480-86A8-7316FBB74326}
		{C0854882-709B-490C-9C64-0D18F452A4AF} = {74960F31-2B60-4D74-9EFC-9DD5AEDD88EE}
		{CA223E60-6E51-4E1B-A3AD-B0BB4FA11DAC} = {74960F31-2B60-4D74-9EFC-9DD5AEDD88EE}
		{2936F93E-F632-4EC1-B94C-40327EB5A68F} = {74960F31-2B60-4D74-9EFC-9DD5AEDD88EE}
		{0DF12423-95E3-43D1-8A79-E258853F9D61} = {BB1B6828-C9F6-4480-86A8-7316FBB74326}
		{CB0F55F7-FEA0-4E80-88E6-D794D3F094E1} = {97EE93D4-D1B0-4192-B6AA-F52D2D6B3908}
		{EC0E87C8-AC03-4416-A7C7-05741A34BF37} = {A9BB40BA-A0A8-4E7A-8654-64F4C64F295C}
		{A8D4F230-B051-4603-819A-2ACDC0CC7756} = {578E43F9-3721-48F2-8B30-4401A1981940}
		{DC4DD678-8E6E-4A8F-9516-CF39AAC68CD6} = {97EE93D4-D1B0-4192-B6AA-F52D2D6B3908}
		{61F040E1-F16E-4548-ABA9-CBFEAFD29D38} = {0DF12423-95E3-43D1-8A79-E258853F9D61}
		{25E71342-A0CD-499F-A5C5-3512031E6B68} = {0DF12423-95E3-43D1-8A79-E258853F9D61}
		{F318CDA6-1C1D-467B-8F8C-05AF824EF8A9} = {0DF12423-95E3-43D1-8A79-E258853F9D61}
		{B3CD498B-4F2A-45C8-9BE2-45EF1829D740} = {DC4DD678-8E6E-4A8F-9516-CF39AAC68CD6}
		{0C84B630-7B73-4E16-BAC4-CD68BC085655} = {B3CD498B-4F2A-45C8-9BE2-45EF1829D740}
		{0BD444CC-D51A-4617-89E1-92A91DBAD9D1} = {DC4DD678-8E6E-4A8F-9516-CF39AAC68CD6}
		{C01CCA62-49FC-4755-A5F1-DD9F888781AE} = {0BD444CC-D51A-4617-89E1-92A91DBAD9D1}
		{9510D684-485D-4A7A-9C5B-B9A1E5F19938} = {065DE3EE-33A4-4C98-B396-798E589C33EB}
		{A71025CA-F124-48C3-85E0-3D8FD7D2D1E3} = {0DF12423-95E3-43D1-8A79-E258853F9D61}
		{DD4E207E-957E-4A72-A36C-F0BD623E078F} = {74960F31-2B60-4D74-9EFC-9DD5AEDD88EE}
		{4ABCA632-D003-46EF-BFCC-BF7AFF3A9D23} = {065DE3EE-33A4-4C98-B396-798E589C33EB}
		{B8779510-4B02-4485-912C-43FDB8168BF6} = {4ABCA632-D003-46EF-BFCC-BF7AFF3A9D23}
		{CF6B632D-A9D7-46B8-A38D-D454900F5CDF} = {DD4E207E-957E-4A72-A36C-F0BD623E078F}
		{8BB4CEFD-CD32-4780-AD52-AE263B2EC26A} = {A71025CA-F124-48C3-85E0-3D8FD7D2D1E3}
		{9056FCCB-B858-4549-87EE-9F806B0CA678} = {4ABCA632-D003-46EF-BFCC-BF7AFF3A9D23}
		{C636B066-3E48-46CE-A065-F6A274C7A8D2} = {DC4DD678-8E6E-4A8F-9516-CF39AAC68CD6}
		{EEC2FA15-81D8-4AC4-A3A0-D0EDFBD6FA62} = {C636B066-3E48-46CE-A065-F6A274C7A8D2}
		{09DD5DFB-5CC8-4004-B5A2-D53C1F4B4D36} = {0BD444CC-D51A-4617-89E1-92A91DBAD9D1}
		{4FD0FD7D-81F3-4378-8B21-167BA5A0C132} = {74960F31-2B60-4D74-9EFC-9DD5AEDD88EE}
		{0ACF22D6-21B5-4456-902B-699C30E1E9DD} = {0DF12423-95E3-43D1-8A79-E258853F9D61}
		{E4DA92F4-7A45-4B03-AE3C-6C6B0C1E37D9} = {0BD444CC-D51A-4617-89E1-92A91DBAD9D1}
		{A487F1AD-A06F-4296-82C7-CCC47138A168} = {C636B066-3E48-46CE-A065-F6A274C7A8D2}
		{89EB6EA0-3A17-44BC-AC0A-ADCFF7BCA926} = {0BD444CC-D51A-4617-89E1-92A91DBAD9D1}
		{E8C85F74-2E38-436C-8B9F-4EF649503325} = {BB1B6828-C9F6-4480-86A8-7316FBB74326}
		{5910B6F1-F384-4166-B3F0-9D3BC6AD4566} = {E8C85F74-2E38-436C-8B9F-4EF649503325}
		{DB13CD40-F9A8-48EF-9744-17A305DFEE3C} = {E8C85F74-2E38-436C-8B9F-4EF649503325}
		{02C7BAD7-BC22-4CE1-836B-473322BFC14C} = {E8C85F74-2E38-436C-8B9F-4EF649503325}
		{B9F99D17-A76F-488A-A097-5ABD62049C6F} = {D0975EB4-0BA6-4BA4-99A0-5FA3AF303557}
		{A9BB40BA-A0A8-4E7A-8654-64F4C64F295C} = {CB0F55F7-FEA0-4E80-88E6-D794D3F094E1}
		{DA38CB94-E1F0-414B-9749-76237ACB229F} = {A9BB40BA-A0A8-4E7A-8654-64F4C64F295C}
		{578E43F9-3721-48F2-8B30-4401A1981940} = {CB0F55F7-FEA0-4E80-88E6-D794D3F094E1}
		{D0975EB4-0BA6-4BA4-99A0-5FA3AF303557} = {A9BB40BA-A0A8-4E7A-8654-64F4C64F295C}
		{F6AAF0AB-159F-48E5-B0D0-0E3D997125D6} = {A9BB40BA-A0A8-4E7A-8654-64F4C64F295C}
		{6C826A5F-5980-4000-923C-09F8DEF5E6A5} = {F6AAF0AB-159F-48E5-B0D0-0E3D997125D6}
		{80DF4530-2783-48BB-9CED-E37E5FDF6EBF} = {BB1B6828-C9F6-4480-86A8-7316FBB74326}
		{1160BD90-31A1-4922-B01A-5D644017EDF8} = {80DF4530-2783-48BB-9CED-E37E5FDF6EBF}
		{7D02371E-D242-4E25-8676-7C6882007555} = {BB1B6828-C9F6-4480-86A8-7316FBB74326}
		{378D37EF-5DAF-453D-9899-F21844F002D6} = {7D02371E-D242-4E25-8676-7C6882007555}
		{F61AD17B-F753-4D05-8825-22E78621F691} = {7D02371E-D242-4E25-8676-7C6882007555}
		{5497C81F-9CE6-49DB-A16F-86834ADD0214} = {7D02371E-D242-4E25-8676-7C6882007555}
		{013D70F0-9A46-4DC6-8DDF-28CF64BC48E4} = {BB1B6828-C9F6-4480-86A8-7316FBB74326}
		{576D1C0F-C545-449B-8B2D-366E62EA805C} = {013D70F0-9A46-4DC6-8DDF-28CF64BC48E4}
		{51C98FF1-56FB-427B-9D80-2E5C552EB311} = {B3CD498B-4F2A-45C8-9BE2-45EF1829D740}
		{26F87814-E322-4AD6-B8EF-746346457EFA} = {51C98FF1-56FB-427B-9D80-2E5C552EB311}
		{76EE1DDF-36D2-4EC8-BE8E-76DDCBB73346} = {B3CD498B-4F2A-45C8-9BE2-45EF1829D740}
		{9B35921D-F361-4C23-90B2-961C6C73BC29} = {B3CD498B-4F2A-45C8-9BE2-45EF1829D740}
		{2604E952-D06F-4017-B34F-3A64C0D1B83A} = {B3CD498B-4F2A-45C8-9BE2-45EF1829D740}
		{A62D8013-C265-49CE-9BF7-48BC80966AD1} = {B3CD498B-4F2A-45C8-9BE2-45EF1829D740}
		{A7A65EA1-68E8-4C95-ABCF-0ED79008F4D4} = {B3CD498B-4F2A-45C8-9BE2-45EF1829D740}
		{47F72E85-B1FC-4D66-81BB-7DEC21C20CA3} = {B3CD498B-4F2A-45C8-9BE2-45EF1829D740}
		{2F3FC2FE-23D2-4831-A23A-2EAD66E1701C} = {B3CD498B-4F2A-45C8-9BE2-45EF1829D740}
		{C963A3FB-F468-48CF-A1C3-46CCE52A2ED8} = {A9BB40BA-A0A8-4E7A-8654-64F4C64F295C}
		{7348226F-2D9B-4C6B-B883-43DFF05995B7} = {7D02371E-D242-4E25-8676-7C6882007555}
		{493D6516-F25D-4C58-AC9C-62AC0489C519} = {E8C85F74-2E38-436C-8B9F-4EF649503325}
		{913B05E8-932F-44BB-8D02-265CC41DF56F} = {493D6516-F25D-4C58-AC9C-62AC0489C519}
	EndGlobalSection
	GlobalSection(ExtensibilityGlobals) = postSolution
		SolutionGuid = {4E67CD76-7BF9-4922-B655-072948650103}
	EndGlobalSection
EndGlobal
